{
  "originHash" : "f07b05829ee044311c95c464c93e1dbbe29329cc43878edfd80840d2167d15cb",
  "pins" : [
    {
      "identity" : "lyrixlib",
      "kind" : "remoteSourceControl",
      "location" : "https://github.com/RustyKnight/LyrixLib",
      "state" : {
        "branch" : "main",
        "revision" : "653f19c1358d8f5910141fceeb1d69a33b17725b"
      }
    }
  ],
  "version" : 3
}
